
Microsoft Visual Studio Solution File, Format Version 12.00
# Visual Studio Version 16
VisualStudioVersion = 16.0.31727.386
MinimumVisualStudioVersion = 10.0.40219.1
Project("{FAE04EC0-301F-11D3-BF4B-00C04F79EFBC}") = "ClientRest_20190140003_Muhammad Noor Saputro", "ClientRest_20190140003_Muhammad Noor Saputro\ClientRest_20190140003_Muhammad Noor Saputro.csproj", "{D4032E33-16EC-41DA-B18E-0E3A79CB9674}"
EndProject
Global
	GlobalSection(SolutionConfigurationPlatforms) = preSolution
		Debug|Any CPU = Debug|Any CPU
		Release|Any CPU = Release|Any CPU
	EndGlobalSection
	GlobalSection(ProjectConfigurationPlatforms) = postSolution
		{D4032E33-16EC-41DA-B18E-0E3A79CB9674}.Debug|Any CPU.ActiveCfg = Debug|Any CPU
		{D4032E33-16EC-41DA-B18E-0E3A79CB9674}.Debug|Any CPU.Build.0 = Debug|Any CPU
		{D4032E33-16EC-41DA-B18E-0E3A79CB9674}.Release|Any CPU.ActiveCfg = Release|Any CPU
		{D4032E33-16EC-41DA-B18E-0E3A79CB9674}.Release|Any CPU.Build.0 = Release|Any CPU
	EndGlobalSection
	GlobalSection(SolutionProperties) = preSolution
		HideSolutionNode = FALSE
	EndGlobalSection
	GlobalSection(ExtensibilityGlobals) = postSolution
		SolutionGuid = {619FDDDF-57DA-483E-941D-8DB68FFA6EDD}
	EndGlobalSection
EndGlobal
